// !$*UTF8*$!
{
	archiveVersion = 1;
	classes = {
	};
	objectVersion = 46;
	objects = {

/* Begin PBXBuildFile section */
		2593E1211C0C6D5500248843 /* AppDelegate.swift in Sources */ = {isa = PBXBuildFile; fileRef = 2593E1201C0C6D5500248843 /* AppDelegate.swift */; };
		2593E1231C0C6D5500248843 /* ViewController.swift in Sources */ = {isa = PBXBuildFile; fileRef = 2593E1221C0C6D5500248843 /* ViewController.swift */; };
		2593E1261C0C6D5500248843 /* Main.storyboard in Resources */ = {isa = PBXBuildFile; fileRef = 2593E1241C0C6D5500248843 /* Main.storyboard */; };
		2593E1291C0C6D5500248843 /* prueba.xcdatamodeld in Sources */ = {isa = PBXBuildFile; fileRef = 2593E1271C0C6D5500248843 /* prueba.xcdatamodeld */; };
		2593E12B1C0C6D5500248843 /* Assets.xcassets in Resources */ = {isa = PBXBuildFile; fileRef = 2593E12A1C0C6D5500248843 /* Assets.xcassets */; };
		2593E12E1C0C6D5500248843 /* LaunchScreen.storyboard in Resources */ = {isa = PBXBuildFile; fileRef = 2593E12C1C0C6D5500248843 /* LaunchScreen.storyboard */; };
		2593E1391C0C6D5500248843 /* pruebaTests.swift in Sources */ = {isa = PBXBuildFile; fileRef = 2593E1381C0C6D5500248843 /* pruebaTests.swift */; };
		2593E1441C0C6D5500248843 /* pruebaUITests.swift in Sources */ = {isa = PBXBuildFile; fileRef = 2593E1431C0C6D5500248843 /* pruebaUITests.swift */; };
/* End PBXBuildFile section */

/* Begin PBXContainerItemProxy section */
		2593E1351C0C6D5500248843 /* PBXContainerItemProxy */ = {
			isa = PBXContainerItemProxy;
			containerPortal = 2593E1151C0C6D5500248843 /* Project object */;
			proxyType = 1;
			remoteGlobalIDString = 2593E11C1C0C6D5500248843;
			remoteInfo = prueba;
		};
		2593E1401C0C6D5500248843 /* PBXContainerItemProxy */ = {
			isa = PBXContainerItemProxy;
			containerPortal = 2593E1151C0C6D5500248843 /* Project object */;
			proxyType = 1;
			remoteGlobalIDString = 2593E11C1C0C6D5500248843;
			remoteInfo = prueba;
		};
/* End PBXContainerItemProxy section */

/* Begin PBXFileReference section */
		2593E11D1C0C6D5500248843 /* prueba.app */ = {isa = PBXFileReference; explicitFileType = wrapper.application; includeInIndex = 0; path = prueba.app; sourceTree = BUILT_PRODUCTS_DIR; };
		2593E1201C0C6D5500248843 /* AppDelegate.swift */ = {isa = PBXFileReference; lastKnownFileType = sourcecode.swift; path = AppDelegate.swift; sourceTree = "<group>"; };
		2593E1221C0C6D5500248843 /* ViewController.swift */ = {isa = PBXFileReference; lastKnownFileType = sourcecode.swift; path = ViewController.swift; sourceTree = "<group>"; };
		2593E1251C0C6D5500248843 /* Base */ = {isa = PBXFileReference; lastKnownFileType = file.storyboard; name = Base; path = Base.lproj/Main.storyboard; sourceTree = "<group>"; };
		2593E1281C0C6D5500248843 /* prueba.xcdatamodel */ = {isa = PBXFileReference; lastKnownFileType = wrapper.xcdatamodel; path = prueba.xcdatamodel; sourceTree = "<group>"; };
		2593E12A1C0C6D5500248843 /* Assets.xcassets */ = {isa = PBXFileReference; lastKnownFileType = folder.assetcatalog; path = Assets.xcassets; sourceTree = "<group>"; };
		2593E12D1C0C6D5500248843 /* Base */ = {isa = PBXFileReference; lastKnownFileType = file.storyboard; name = Base; path = Base.lproj/LaunchScreen.storyboard; sourceTree = "<group>"; };
		2593E12F1C0C6D5500248843 /* Info.plist */ = {isa = PBXFileReference; lastKnownFileType = text.plist.xml; path = Info.plist; sourceTree = "<group>"; };
		2593E1341C0C6D5500248843 /* pruebaTests.xctest */ = {isa = PBXFileReference; explicitFileType = wrapper.cfbundle; includeInIndex = 0; path = pruebaTests.xctest; sourceTree = BUILT_PRODUCTS_DIR; };
		2593E1381C0C6D5500248843 /* pruebaTests.swift */ = {isa = PBXFileReference; lastKnownFileType = sourcecode.swift; path = pruebaTests.swift; sourceTree = "<group>"; };
		2593E13A1C0C6D5500248843 /* Info.plist */ = {isa = PBXFileReference; lastKnownFileType = text.plist.xml; path = Info.plist; sourceTree = "<group>"; };
		2593E13F1C0C6D5500248843 /* pruebaUITests.xctest */ = {isa = PBXFileReference; explicitFileType = wrapper.cfbundle; includeInIndex = 0; path = pruebaUITests.xctest; sourceTree = BUILT_PRODUCTS_DIR; };
		2593E1431C0C6D5500248843 /* pruebaUITests.swift */ = {isa = PBXFileReference; lastKnownFileType = sourcecode.swift; path = pruebaUITests.swift; sourceTree = "<group>"; };
		2593E1451C0C6D5500248843 /* Info.plist */ = {isa = PBXFileReference; lastKnownFileType = text.plist.xml; path = Info.plist; sourceTree = "<group>"; };
/* End PBXFileReference section */

/* Begin PBXFrameworksBuildPhase section */
		2593E11A1C0C6D5500248843 /* Frameworks */ = {
			isa = PBXFrameworksBuildPhase;
			buildActionMask = 2147483647;
			files = (
			);
			runOnlyForDeploymentPostprocessing = 0;
		};
		2593E1311C0C6D5500248843 /* Frameworks */ = {
			isa = PBXFrameworksBuildPhase;
			buildActionMask = 2147483647;
			files = (
			);
			runOnlyForDeploymentPostprocessing = 0;
		};
		2593E13C1C0C6D5500248843 /* Frameworks */ = {
			isa = PBXFrameworksBuildPhase;
			buildActionMask = 2147483647;
			files = (
			);
			runOnlyForDeploymentPostprocessing = 0;
		};
/* End PBXFrameworksBuildPhase section */

/* Begin PBXGroup section */
		2593E1141C0C6D5500248843 = {
			isa = PBXGroup;
			children = (
				2593E11F1C0C6D5500248843 /* prueba */,
				2593E1371C0C6D5500248843 /* pruebaTests */,
				2593E1421C0C6D5500248843 /* pruebaUITests */,
				2593E11E1C0C6D5500248843 /* Products */,
			);
			sourceTree = "<group>";
		};
		2593E11E1C0C6D5500248843 /* Products */ = {
			isa = PBXGroup;
			children = (
				2593E11D1C0C6D5500248843 /* prueba.app */,
				2593E1341C0C6D5500248843 /* pruebaTests.xctest */,
				2593E13F1C0C6D5500248843 /* pruebaUITests.xctest */,
			);
			name = Products;
			sourceTree = "<group>";
		};
		2593E11F1C0C6D5500248843 /* prueba */ = {
			isa = PBXGroup;
			children = (
				2593E1201C0C6D5500248843 /* AppDelegate.swift */,
				2593E1221C0C6D5500248843 /* ViewController.swift */,
				2593E1241C0C6D5500248843 /* Main.storyboard */,
				2593E12A1C0C6D5500248843 /* Assets.xcassets */,
				2593E12C1C0C6D5500248843 /* LaunchScreen.storyboard */,
				2593E12F1C0C6D5500248843 /* Info.plist */,
				2593E1271C0C6D5500248843 /* prueba.xcdatamodeld */,
			);
			path = prueba;
			sourceTree = "<group>";
		};
		2593E1371C0C6D5500248843 /* pruebaTests */ = {
			isa = PBXGroup;
			children = (
				2593E1381C0C6D5500248843 /* pruebaTests.swift */,
				2593E13A1C0C6D5500248843 /* Info.plist */,
			);
			path = pruebaTests;
			sourceTree = "<group>";
		};
		2593E1421C0C6D5500248843 /* pruebaUITests */ = {
			isa = PBXGroup;
			children = (
				2593E1431C0C6D5500248843 /* pruebaUITests.swift */,
				2593E1451C0C6D5500248843 /* Info.plist */,
			);
			path = pruebaUITests;
			sourceTree = "<group>";
		};
/* End PBXGroup section */

/* Begin PBXNativeTarget section */
		2593E11C1C0C6D5500248843 /* prueba */ = {
			isa = PBXNativeTarget;
			buildConfigurationList = 2593E1481C0C6D5500248843 /* Build configuration list for PBXNativeTarget "prueba" */;
			buildPhases = (
				2593E1191C0C6D5500248843 /* Sources */,
				2593E11A1C0C6D5500248843 /* Frameworks */,
				2593E11B1C0C6D5500248843 /* Resources */,
			);
			buildRules = (
			);
			dependencies = (
			);
			name = prueba;
			productName = prueba;
			productReference = 2593E11D1C0C6D5500248843 /* prueba.app */;
			productType = "com.apple.product-type.application";
		};
		2593E1331C0C6D5500248843 /* pruebaTests */ = {
			isa = PBXNativeTarget;
			buildConfigurationList = 2593E14B1C0C6D5500248843 /* Build configuration list for PBXNativeTarget "pruebaTests" */;
			buildPhases = (
				2593E1301C0C6D5500248843 /* Sources */,
				2593E1311C0C6D5500248843 /* Frameworks */,
				2593E1321C0C6D5500248843 /* Resources */,
			);
			buildRules = (
			);
			dependencies = (
				2593E1361C0C6D5500248843 /* PBXTargetDependency */,
			);
			name = pruebaTests;
			productName = pruebaTests;
			productReference = 2593E1341C0C6D5500248843 /* pruebaTests.xctest */;
			productType = "com.apple.product-type.bundle.unit-test";
		};
		2593E13E1C0C6D5500248843 /* pruebaUITests */ = {
			isa = PBXNativeTarget;
			buildConfigurationList = 2593E14E1C0C6D5500248843 /* Build configuration list for PBXNativeTarget "pruebaUITests" */;
			buildPhases = (
				2593E13B1C0C6D5500248843 /* Sources */,
				2593E13C1C0C6D5500248843 /* Frameworks */,
				2593E13D1C0C6D5500248843 /* Resources */,
			);
			buildRules = (
			);
			dependencies = (
				2593E1411C0C6D5500248843 /* PBXTargetDependency */,
			);
			name = pruebaUITests;
			productName = pruebaUITests;
			productReference = 2593E13F1C0C6D5500248843 /* pruebaUITests.xctest */;
			productType = "com.apple.product-type.bundle.ui-testing";
		};
/* End PBXNativeTarget section */

/* Begin PBXProject section */
		2593E1151C0C6D5500248843 /* Project object */ = {
			isa = PBXProject;
			attributes = {
				LastSwiftUpdateCheck = 0710;
				LastUpgradeCheck = 0710;
				ORGANIZATIONNAME = "Nicolás Narria";
				TargetAttributes = {
					2593E11C1C0C6D5500248843 = {
						CreatedOnToolsVersion = 7.1.1;
					};
					2593E1331C0C6D5500248843 = {
						CreatedOnToolsVersion = 7.1.1;
						TestTargetID = 2593E11C1C0C6D5500248843;
					};
					2593E13E1C0C6D5500248843 = {
						CreatedOnToolsVersion = 7.1.1;
						TestTargetID = 2593E11C1C0C6D5500248843;
					};
				};
			};
			buildConfigurationList = 2593E1181C0C6D5500248843 /* Build configuration list for PBXProject "prueba" */;
			compatibilityVersion = "Xcode 3.2";
			developmentRegion = English;
			hasScannedForEncodings = 0;
			knownRegions = (
				en,
				Base,
			);
			mainGroup = 2593E1141C0C6D5500248843;
			productRefGroup = 2593E11E1C0C6D5500248843 /* Products */;
			projectDirPath = "";
			projectRoot = "";
			targets = (
				2593E11C1C0C6D5500248843 /* prueba */,
				2593E1331C0C6D5500248843 /* pruebaTests */,
				2593E13E1C0C6D5500248843 /* pruebaUITests */,
			);
		};
/* End PBXProject section */

/* Begin PBXResourcesBuildPhase section */
		2593E11B1C0C6D5500248843 /* Resources */ = {
			isa = PBXResourcesBuildPhase;
			buildActionMask = 2147483647;
			files = (
				2593E12E1C0C6D5500248843 /* LaunchScreen.storyboard in Resources */,
				2593E12B1C0C6D5500248843 /* Assets.xcassets in Resources */,
				2593E1261C0C6D5500248843 /* Main.storyboard in Resources */,
			);
			runOnlyForDeploymentPostprocessing = 0;
		};
		2593E1321C0C6D5500248843 /* Resources */ = {
			isa = PBXResourcesBuildPhase;
			buildActionMask = 2147483647;
			files = (
			);
			runOnlyForDeploymentPostprocessing = 0;
		};
		2593E13D1C0C6D5500248843 /* Resources */ = {
			isa = PBXResourcesBuildPhase;
			buildActionMask = 2147483647;
			files = (
			);
			runOnlyForDeploymentPostprocessing = 0;
		};
/* End PBXResourcesBuildPhase section */

/* Begin PBXSourcesBuildPhase section */
		2593E1191C0C6D5500248843 /* Sources */ = {
			isa = PBXSourcesBuildPhase;
			buildActionMask = 2147483647;
			files = (
				2593E1291C0C6D5500248843 /* prueba.xcdatamodeld in Sources */,
				2593E1231C0C6D5500248843 /* ViewController.swift in Sources */,
				2593E1211C0C6D5500248843 /* AppDelegate.swift in Sources */,
			);
			runOnlyForDeploymentPostprocessing = 0;
		};
		2593E1301C0C6D5500248843 /* Sources */ = {
			isa = PBXSourcesBuildPhase;
			buildActionMask = 2147483647;
			files = (
				2593E1391C0C6D5500248843 /* pruebaTests.swift in Sources */,
			);
			runOnlyForDeploymentPostprocessing = 0;
		};
		2593E13B1C0C6D5500248843 /* Sources */ = {
			isa = PBXSourcesBuildPhase;
			buildActionMask = 2147483647;
			files = (
				2593E1441C0C6D5500248843 /* pruebaUITests.swift in Sources */,
			);
			runOnlyForDeploymentPostprocessing = 0;
		};
/* End PBXSourcesBuildPhase section */

/* Begin PBXTargetDependency section */
		2593E1361C0C6D5500248843 /* PBXTargetDependency */ = {
			isa = PBXTargetDependency;
			target = 2593E11C1C0C6D5500248843 /* prueba */;
			targetProxy = 2593E1351C0C6D5500248843 /* PBXContainerItemProxy */;
		};
		2593E1411C0C6D5500248843 /* PBXTargetDependency */ = {
			isa = PBXTargetDependency;
			target = 2593E11C1C0C6D5500248843 /* prueba */;
			targetProxy = 2593E1401C0C6D5500248843 /* PBXContainerItemProxy */;
		};
/* End PBXTargetDependency section */

/* Begin PBXVariantGroup section */
		2593E1241C0C6D5500248843 /* Main.storyboard */ = {
			isa = PBXVariantGroup;
			children = (
				2593E1251C0C6D5500248843 /* Base */,
			);
			name = Main.storyboard;
			sourceTree = "<group>";
		};
		2593E12C1C0C6D5500248843 /* LaunchScreen.storyboard */ = {
			isa = PBXVariantGroup;
			children = (
				2593E12D1C0C6D5500248843 /* Base */,
			);
			name = LaunchScreen.storyboard;
			sourceTree = "<group>";
		};
/* End PBXVariantGroup section */

/* Begin XCBuildConfiguration section */
		2593E1461C0C6D5500248843 /* Debug */ = {
			isa = XCBuildConfiguration;
			buildSettings = {
				ALWAYS_SEARCH_USER_PATHS = NO;
				CLANG_CXX_LANGUAGE_STANDARD = "gnu++0x";
				CLANG_CXX_LIBRARY = "libc++";
				CLANG_ENABLE_MODULES = YES;
				CLANG_ENABLE_OBJC_ARC = YES;
				CLANG_WARN_BOOL_CONVERSION = YES;
				CLANG_WARN_CONSTANT_CONVERSION = YES;
				CLANG_WARN_DIRECT_OBJC_ISA_USAGE = YES_ERROR;
				CLANG_WARN_EMPTY_BODY = YES;
				CLANG_WARN_ENUM_CONVERSION = YES;
				CLANG_WARN_INT_CONVERSION = YES;
				CLANG_WARN_OBJC_ROOT_CLASS = YES_ERROR;
				CLANG_WARN_UNREACHABLE_CODE = YES;
				CLANG_WARN__DUPLICATE_METHOD_MATCH = YES;
				"CODE_SIGN_IDENTITY[sdk=iphoneos*]" = "iPhone Developer";
				COPY_PHASE_STRIP = NO;
				DEBUG_INFORMATION_FORMAT = dwarf;
				ENABLE_STRICT_OBJC_MSGSEND = YES;
				ENABLE_TESTABILITY = YES;
				GCC_C_LANGUAGE_STANDARD = gnu99;
				GCC_DYNAMIC_NO_PIC = NO;
				GCC_NO_COMMON_BLOCKS = YES;
				GCC_OPTIMIZATION_LEVEL = 0;
				GCC_PREPROCESSOR_DEFINITIONS = (
					"DEBUG=1",
					"$(inherited)",
				);
				GCC_WARN_64_TO_32_BIT_CONVERSION = YES;
				GCC_WARN_ABOUT_RETURN_TYPE = YES_ERROR;
				GCC_WARN_UNDECLARED_SELECTOR = YES;
				GCC_WARN_UNINITIALIZED_AUTOS = YES_AGGRESSIVE;
				GCC_WARN_UNUSED_FUNCTION = YES;
				GCC_WARN_UNUSED_VARIABLE = YES;
				IPHONEOS_DEPLOYMENT_TARGET = 9.1;
				MTL_ENABLE_DEBUG_INFO = YES;
				ONLY_ACTIVE_ARCH = YES;
				SDKROOT = iphoneos;
				SWIFT_OPTIMIZATION_LEVEL = "-Onone";
			};
			name = Debug;
		};
		2593E1471C0C6D5500248843 /* Release */ = {
			isa = XCBuildConfiguration;
			buildSettings = {
				ALWAYS_SEARCH_USER_PATHS = NO;
				CLANG_CXX_LANGUAGE_STANDARD = "gnu++0x";
				CLANG_CXX_LIBRARY = "libc++";
				CLANG_ENABLE_MODULES = YES;
				CLANG_ENABLE_OBJC_ARC = YES;
				CLANG_WARN_BOOL_CONVERSION = YES;
				CLANG_WARN_CONSTANT_CONVERSION = YES;
				CLANG_WARN_DIRECT_OBJC_ISA_USAGE = YES_ERROR;
				CLANG_WARN_EMPTY_BODY = YES;
				CLANG_WARN_ENUM_CONVERSION = YES;
				CLANG_WARN_INT_CONVERSION = YES;
				CLANG_WARN_OBJC_ROOT_CLASS = YES_ERROR;
				CLANG_WARN_UNREACHABLE_CODE = YES;
				CLANG_WARN__DUPLICATE_METHOD_MATCH = YES;
				"CODE_SIGN_IDENTITY[sdk=iphoneos*]" = "iPhone Developer";
				COPY_PHASE_STRIP = NO;
				DEBUG_INFORMATION_FORMAT = "dwarf-with-dsym";
				ENABLE_NS_ASSERTIONS = NO;
				ENABLE_STRICT_OBJC_MSGSEND = YES;
				GCC_C_LANGUAGE_STANDARD = gnu99;
				GCC_NO_COMMON_BLOCKS = YES;
				GCC_WARN_64_TO_32_BIT_CONVERSION = YES;
				GCC_WARN_ABOUT_RETURN_TYPE = YES_ERROR;
				GCC_WARN_UNDECLARED_SELECTOR = YES;
				GCC_WARN_UNINITIALIZED_AUTOS = YES_AGGRESSIVE;
				GCC_WARN_UNUSED_FUNCTION = YES;
				GCC_WARN_UNUSED_VARIABLE = YES;
				IPHONEOS_DEPLOYMENT_TARGET = 9.1;
				MTL_ENABLE_DEBUG_INFO = NO;
				SDKROOT = iphoneos;
				VALIDATE_PRODUCT = YES;
			};
			name = Release;
		};
		2593E1491C0C6D5500248843 /* Debug */ = {
			isa = XCBuildConfiguration;
			buildSettings = {
				ASSETCATALOG_COMPILER_APPICON_NAME = AppIcon;
				INFOPLIST_FILE = prueba/Info.plist;
				LD_RUNPATH_SEARCH_PATHS = "$(inherited) @executable_path/Frameworks";
				PRODUCT_BUNDLE_IDENTIFIER = i2.prueba;
				PRODUCT_NAME = "$(TARGET_NAME)";
			};
			name = Debug;
		};
		2593E14A1C0C6D5500248843 /* Release */ = {
			isa = XCBuildConfiguration;
			buildSettings = {
				ASSETCATALOG_COMPILER_APPICON_NAME = AppIcon;
				INFOPLIST_FILE = prueba/Info.plist;
				LD_RUNPATH_SEARCH_PATHS = "$(inherited) @executable_path/Frameworks";
				PRODUCT_BUNDLE_IDENTIFIER = i2.prueba;
				PRODUCT_NAME = "$(TARGET_NAME)";
			};
			name = Release;
		};
		2593E14C1C0C6D5500248843 /* Debug */ = {
			isa = XCBuildConfiguration;
			buildSettings = {
				BUNDLE_LOADER = "$(TEST_HOST)";
				INFOPLIST_FILE = pruebaTests/Info.plist;
				LD_RUNPATH_SEARCH_PATHS = "$(inherited) @executable_path/Frameworks @loader_path/Frameworks";
				PRODUCT_BUNDLE_IDENTIFIER = i2.pruebaTests;
				PRODUCT_NAME = "$(TARGET_NAME)";
				TEST_HOST = "$(BUILT_PRODUCTS_DIR)/prueba.app/prueba";
			};
			name = Debug;
		};
		2593E14D1C0C6D5500248843 /* Release */ = {
			isa = XCBuildConfiguration;
			buildSettings = {
				BUNDLE_LOADER = "$(TEST_HOST)";
				INFOPLIST_FILE = pruebaTests/Info.plist;
				LD_RUNPATH_SEARCH_PATHS = "$(inherited) @executable_path/Frameworks @loader_path/Frameworks";
				PRODUCT_BUNDLE_IDENTIFIER = i2.pruebaTests;
				PRODUCT_NAME = "$(TARGET_NAME)";
				TEST_HOST = "$(BUILT_PRODUCTS_DIR)/prueba.app/prueba";
			};
			name = Release;
		};
		2593E14F1C0C6D5500248843 /* Debug */ = {
			isa = XCBuildConfiguration;
			buildSettings = {
				INFOPLIST_FILE = pruebaUITests/Info.plist;
				LD_RUNPATH_SEARCH_PATHS = "$(inherited) @executable_path/Frameworks @loader_path/Frameworks";
				PRODUCT_BUNDLE_IDENTIFIER = i2.pruebaUITests;
				PRODUCT_NAME = "$(TARGET_NAME)";
				TEST_TARGET_NAME = prueba;
				USES_XCTRUNNER = YES;
			};
			name = Debug;
		};
		2593E1501C0C6D5500248843 /* Release */ = {
			isa = XCBuildConfiguration;
			buildSettings = {
				INFOPLIST_FILE = pruebaUITests/Info.plist;
				LD_RUNPATH_SEARCH_PATHS = "$(inherited) @executable_path/Frameworks @loader_path/Frameworks";
				PRODUCT_BUNDLE_IDENTIFIER = i2.pruebaUITests;
				PRODUCT_NAME = "$(TARGET_NAME)";
				TEST_TARGET_NAME = prueba;
				USES_XCTRUNNER = YES;
			};
			name = Release;
		};
/* End XCBuildConfiguration section */

/* Begin XCConfigurationList section */
		2593E1181C0C6D5500248843 /* Build configuration list for PBXProject "prueba" */ = {
			isa = XCConfigurationList;
			buildConfigurations = (
				2593E1461C0C6D5500248843 /* Debug */,
				2593E1471C0C6D5500248843 /* Release */,
			);
			defaultConfigurationIsVisible = 0;
			defaultConfigurationName = Release;
		};
		2593E1481C0C6D5500248843 /* Build configuration list for PBXNativeTarget "prueba" */ = {
			isa = XCConfigurationList;
			buildConfigurations = (
				2593E1491C0C6D5500248843 /* Debug */,
				2593E14A1C0C6D5500248843 /* Release */,
			);
			defaultConfigurationIsVisible = 0;
		};
		2593E14B1C0C6D5500248843 /* Build configuration list for PBXNativeTarget "pruebaTests" */ = {
			isa = XCConfigurationList;
			buildConfigurations = (
				2593E14C1C0C6D5500248843 /* Debug */,
				2593E14D1C0C6D5500248843 /* Release */,
			);
			defaultConfigurationIsVisible = 0;
		};
		2593E14E1C0C6D5500248843 /* Build configuration list for PBXNativeTarget "pruebaUITests" */ = {
			isa = XCConfigurationList;
			buildConfigurations = (
				2593E14F1C0C6D5500248843 /* Debug */,
				2593E1501C0C6D5500248843 /* Release */,
			);
			defaultConfigurationIsVisible = 0;
		};
/* End XCConfigurationList section */

/* Begin XCVersionGroup section */
		2593E1271C0C6D5500248843 /* prueba.xcdatamodeld */ = {
			isa = XCVersionGroup;
			children = (
				2593E1281C0C6D5500248843 /* prueba.xcdatamodel */,
			);
			currentVersion = 2593E1281C0C6D5500248843 /* prueba.xcdatamodel */;
			path = prueba.xcdatamodeld;
			sourceTree = "<group>";
			versionGroupType = wrapper.xcdatamodel;
		};
/* End XCVersionGroup section */
	};
	rootObject = 2593E1151C0C6D5500248843 /* Project object */;
}
